
Microsoft Visual Studio Solution File, Format Version 12.00
# Visual Studio Version 16
VisualStudioVersion = 16.0.808.3
MinimumVisualStudioVersion = 10.0.40219.1
Project("{FAE04EC0-301F-11D3-BF4B-00C04F79EFBC}") = "day8", "day8\day8.csproj", "{7DA44AEB-D4C4-417D-B173-ED78141B2419}"
EndProject
Global
	GlobalSection(SolutionConfigurationPlatforms) = preSolution
		Debug|Any CPU = Debug|Any CPU
		Release|Any CPU = Release|Any CPU
	EndGlobalSection
	GlobalSection(ProjectConfigurationPlatforms) = postSolution
		{7DA44AEB-D4C4-417D-B173-ED78141B2419}.Debug|Any CPU.ActiveCfg = Debug|Any CPU
		{7DA44AEB-D4C4-417D-B173-ED78141B2419}.Debug|Any CPU.Build.0 = Debug|Any CPU
		{7DA44AEB-D4C4-417D-B173-ED78141B2419}.Release|Any CPU.ActiveCfg = Release|Any CPU
		{7DA44AEB-D4C4-417D-B173-ED78141B2419}.Release|Any CPU.Build.0 = Release|Any CPU
	EndGlobalSection
	GlobalSection(SolutionProperties) = preSolution
		HideSolutionNode = FALSE
	EndGlobalSection
	GlobalSection(ExtensibilityGlobals) = postSolution
		SolutionGuid = {1C0DE7EC-9111-4C48-9060-86FB79121202}
	EndGlobalSection
EndGlobal
