
Microsoft Visual Studio Solution File, Format Version 12.00
# Visual Studio Version 16
VisualStudioVersion = 16.0.808.3
MinimumVisualStudioVersion = 10.0.40219.1
Project("{FAE04EC0-301F-11D3-BF4B-00C04F79EFBC}") = "day_6", "day_6\day_6.csproj", "{AE9EB7B4-EBCE-4EC3-9B0E-0803767B1820}"
EndProject
Global
	GlobalSection(SolutionConfigurationPlatforms) = preSolution
		Debug|Any CPU = Debug|Any CPU
		Release|Any CPU = Release|Any CPU
	EndGlobalSection
	GlobalSection(ProjectConfigurationPlatforms) = postSolution
		{AE9EB7B4-EBCE-4EC3-9B0E-0803767B1820}.Debug|Any CPU.ActiveCfg = Debug|Any CPU
		{AE9EB7B4-EBCE-4EC3-9B0E-0803767B1820}.Debug|Any CPU.Build.0 = Debug|Any CPU
		{AE9EB7B4-EBCE-4EC3-9B0E-0803767B1820}.Release|Any CPU.ActiveCfg = Release|Any CPU
		{AE9EB7B4-EBCE-4EC3-9B0E-0803767B1820}.Release|Any CPU.Build.0 = Release|Any CPU
	EndGlobalSection
	GlobalSection(SolutionProperties) = preSolution
		HideSolutionNode = FALSE
	EndGlobalSection
	GlobalSection(ExtensibilityGlobals) = postSolution
		SolutionGuid = {FEF48C70-FF47-47E5-AD7B-D9B6C713C58F}
	EndGlobalSection
EndGlobal
